# THIS IS AN AUTOGENERATED FILE. DO NOT EDIT THIS FILE DIRECTLY.
# yarn lockfile v1


"@callstack/react-theme-provider@^2.1.0":
  version "2.1.0"
  resolved "https://registry.yarnpkg.com/@callstack/react-theme-provider/-/react-theme-provider-2.1.0.tgz#a460f5c654c7b3db79f65975a34afea8ac722e8b"
  integrity sha512-QScjktxZsiS/Ow0HQiMXwUg/TMpy6FEfGw+WC6C9fotafk/pmGYvJYvsewBvrdOA8jR/2KIrd6X2JfzXfcA9pg==
  dependencies:
    deepmerge "^3.2.0"
    hoist-non-react-statics "^3.3.0"

"@react-native-community/hooks@^2.4.9":
  version "2.4.9"
  resolved "https://registry.yarnpkg.com/@react-native-community/hooks/-/hooks-2.4.9.tgz#c94966ac2b278acf0384d53cee996da6960d1ec3"
  integrity sha512-7dNpI5ytcWhKJAle3E7GMAxuZ7qj2Cmy1zAjTJJb0j+ylW7dsUJ6Ny2kwzAZA6qdDl3T4rZnTuxisUC0U2ImSA==

deepmerge@^3.2.0:
  version "3.3.0"
  resolved "https://registry.yarnpkg.com/deepmerge/-/deepmerge-3.3.0.tgz#d3c47fd6f3a93d517b14426b0628a17b0125f5f7"
  integrity sha512-GRQOafGHwMHpjPx9iCvTgpu9NojZ49q794EEL94JVEw6VaeA8XTUyBKvAkOOjBX9oJNiV6G3P+T+tihFjo2TqA==

hoist-non-react-statics@^3.3.0:
  version "3.3.2"
  resolved "https://registry.yarnpkg.com/hoist-non-react-statics/-/hoist-non-react-statics-3.3.2.tgz#ece0acaf71d62c2969c2ec59feff42a4b1a85b45"
  integrity sha512-/gGivxi8JPKWNm/W0jSmzcMPpfpPLc3dY/6GxhX2hQ9iGj3aDfklV4ET7NjKpSinLpJ5vafa9iiGIEZg10SfBw==
  dependencies:
    react-is "^16.7.0"

react-is@^16.7.0:
  version "16.13.1"
  resolved "https://registry.yarnpkg.com/react-is/-/react-is-16.13.1.tgz#789729a4dc36de2999dc156dd6c1d9c18cea56a4"
  integrity sha512-24e6ynE2H+OKt4kqsOvNd8kBpV65zoxbA4BVsEOB3ARVWQki/DHzaUoC5KuON/BiccDaCCTZBuOcfZs70kR8bQ==
